
Microsoft Visual Studio Solution File, Format Version 12.00
# Visual Studio 14
VisualStudioVersion = 14.0.25420.1
MinimumVisualStudioVersion = 10.0.40219.1
Project("{FAE04EC0-301F-11D3-BF4B-00C04F79EFBC}") = "Library", "studia\Library.csproj", "{27381E55-1C6E-4FA4-9215-E9E547AB0E64}"
EndProject
Project("{FAE04EC0-301F-11D3-BF4B-00C04F79EFBC}") = "Data", "Data\Data.csproj", "{E12C3713-4DB2-4973-A177-925BF2E8C6DF}"
EndProject
Global
	GlobalSection(SolutionConfigurationPlatforms) = preSolution
		Debug|Any CPU = Debug|Any CPU
		Release|Any CPU = Release|Any CPU
	EndGlobalSection
	GlobalSection(ProjectConfigurationPlatforms) = postSolution
		{27381E55-1C6E-4FA4-9215-E9E547AB0E64}.Debug|Any CPU.ActiveCfg = Debug|Any CPU
		{27381E55-1C6E-4FA4-9215-E9E547AB0E64}.Debug|Any CPU.Build.0 = Debug|Any CPU
		{27381E55-1C6E-4FA4-9215-E9E547AB0E64}.Release|Any CPU.ActiveCfg = Release|Any CPU
		{27381E55-1C6E-4FA4-9215-E9E547AB0E64}.Release|Any CPU.Build.0 = Release|Any CPU
		{E12C3713-4DB2-4973-A177-925BF2E8C6DF}.Debug|Any CPU.ActiveCfg = Debug|Any CPU
		{E12C3713-4DB2-4973-A177-925BF2E8C6DF}.Debug|Any CPU.Build.0 = Debug|Any CPU
		{E12C3713-4DB2-4973-A177-925BF2E8C6DF}.Release|Any CPU.ActiveCfg = Release|Any CPU
		{E12C3713-4DB2-4973-A177-925BF2E8C6DF}.Release|Any CPU.Build.0 = Release|Any CPU
	EndGlobalSection
	GlobalSection(SolutionProperties) = preSolution
		HideSolutionNode = FALSE
	EndGlobalSection
EndGlobal
